// !$*UTF8*$!
{
	archiveVersion = 1;
	classes = {
	};
	objectVersion = 51;
	objects = {

/* Begin PBXBuildFile section */
		467C223614C06DED0883B81C /* Pods_MaskStatistics.framework in Frameworks */ = {isa = PBXBuildFile; fileRef = 9020D8F0C1105AA0919AF509 /* Pods_MaskStatistics.framework */; };
		FF0CE0F224185BF9002F3981 /* AppDelegate.swift in Sources */ = {isa = PBXBuildFile; fileRef = FF0CE0F124185BF9002F3981 /* AppDelegate.swift */; };
		FF0CE0F724185BF9002F3981 /* Main.storyboard in Resources */ = {isa = PBXBuildFile; fileRef = FF0CE0F524185BF9002F3981 /* Main.storyboard */; };
		FF0CE0F924185BFA002F3981 /* Assets.xcassets in Resources */ = {isa = PBXBuildFile; fileRef = FF0CE0F824185BFA002F3981 /* Assets.xcassets */; };
		FF0CE0FC24185BFA002F3981 /* LaunchScreen.storyboard in Resources */ = {isa = PBXBuildFile; fileRef = FF0CE0FA24185BFA002F3981 /* LaunchScreen.storyboard */; };
		FFA0A3702418841900CB3FBE /* TableViewController.swift in Sources */ = {isa = PBXBuildFile; fileRef = FFA0A36F2418841900CB3FBE /* TableViewController.swift */; };
		FFA0A3732418899300CB3FBE /* TableViewCell.swift in Sources */ = {isa = PBXBuildFile; fileRef = FFA0A3722418899300CB3FBE /* TableViewCell.swift */; };
		FFCC50DC24185E5300106128 /* ViewModel.swift in Sources */ = {isa = PBXBuildFile; fileRef = FFCC50DB24185E5300106128 /* ViewModel.swift */; };
		FFCC50DE24185EEE00106128 /* APIService.swift in Sources */ = {isa = PBXBuildFile; fileRef = FFCC50DD24185EEE00106128 /* APIService.swift */; };
		FFCC50E224185F7500106128 /* APIManager.swift in Sources */ = {isa = PBXBuildFile; fileRef = FFCC50E124185F7500106128 /* APIManager.swift */; };
		FFCC50E5241861C200106128 /* Alamofire+ColdZ.swift in Sources */ = {isa = PBXBuildFile; fileRef = FFCC50E4241861C200106128 /* Alamofire+ColdZ.swift */; };
		FFCC50E7241862F200106128 /* NSError+ColdZ.swift in Sources */ = {isa = PBXBuildFile; fileRef = FFCC50E6241862F200106128 /* NSError+ColdZ.swift */; };
		FFCC50EC24186B0900106128 /* Feature.swift in Sources */ = {isa = PBXBuildFile; fileRef = FFCC50EB24186B0900106128 /* Feature.swift */; };
/* End PBXBuildFile section */

/* Begin PBXFileReference section */
		0E397F0CEBCE0D409C5F1EDE /* Pods-MaskStatistics.debug.xcconfig */ = {isa = PBXFileReference; includeInIndex = 1; lastKnownFileType = text.xcconfig; name = "Pods-MaskStatistics.debug.xcconfig"; path = "Target Support Files/Pods-MaskStatistics/Pods-MaskStatistics.debug.xcconfig"; sourceTree = "<group>"; };
		76AF5E2F25402DA3D4352A58 /* Pods-MaskStatistics.release.xcconfig */ = {isa = PBXFileReference; includeInIndex = 1; lastKnownFileType = text.xcconfig; name = "Pods-MaskStatistics.release.xcconfig"; path = "Target Support Files/Pods-MaskStatistics/Pods-MaskStatistics.release.xcconfig"; sourceTree = "<group>"; };
		9020D8F0C1105AA0919AF509 /* Pods_MaskStatistics.framework */ = {isa = PBXFileReference; explicitFileType = wrapper.framework; includeInIndex = 0; path = Pods_MaskStatistics.framework; sourceTree = BUILT_PRODUCTS_DIR; };
		FF0CE0EE24185BF9002F3981 /* MaskStatistics.app */ = {isa = PBXFileReference; explicitFileType = wrapper.application; includeInIndex = 0; path = MaskStatistics.app; sourceTree = BUILT_PRODUCTS_DIR; };
		FF0CE0F124185BF9002F3981 /* AppDelegate.swift */ = {isa = PBXFileReference; lastKnownFileType = sourcecode.swift; path = AppDelegate.swift; sourceTree = "<group>"; };
		FF0CE0F624185BF9002F3981 /* Base */ = {isa = PBXFileReference; lastKnownFileType = file.storyboard; name = Base; path = Base.lproj/Main.storyboard; sourceTree = "<group>"; };
		FF0CE0F824185BFA002F3981 /* Assets.xcassets */ = {isa = PBXFileReference; lastKnownFileType = folder.assetcatalog; path = Assets.xcassets; sourceTree = "<group>"; };
		FF0CE0FB24185BFA002F3981 /* Base */ = {isa = PBXFileReference; lastKnownFileType = file.storyboard; name = Base; path = Base.lproj/LaunchScreen.storyboard; sourceTree = "<group>"; };
		FF0CE0FD24185BFA002F3981 /* Info.plist */ = {isa = PBXFileReference; lastKnownFileType = text.plist.xml; path = Info.plist; sourceTree = "<group>"; };
		FFA0A36F2418841900CB3FBE /* TableViewController.swift */ = {isa = PBXFileReference; lastKnownFileType = sourcecode.swift; path = TableViewController.swift; sourceTree = "<group>"; };
		FFA0A3722418899300CB3FBE /* TableViewCell.swift */ = {isa = PBXFileReference; lastKnownFileType = sourcecode.swift; path = TableViewCell.swift; sourceTree = "<group>"; };
		FFCC50DB24185E5300106128 /* ViewModel.swift */ = {isa = PBXFileReference; lastKnownFileType = sourcecode.swift; path = ViewModel.swift; sourceTree = "<group>"; };
		FFCC50DD24185EEE00106128 /* APIService.swift */ = {isa = PBXFileReference; lastKnownFileType = sourcecode.swift; path = APIService.swift; sourceTree = "<group>"; };
		FFCC50E124185F7500106128 /* APIManager.swift */ = {isa = PBXFileReference; lastKnownFileType = sourcecode.swift; path = APIManager.swift; sourceTree = "<group>"; };
		FFCC50E4241861C200106128 /* Alamofire+ColdZ.swift */ = {isa = PBXFileReference; lastKnownFileType = sourcecode.swift; path = "Alamofire+ColdZ.swift"; sourceTree = "<group>"; };
		FFCC50E6241862F200106128 /* NSError+ColdZ.swift */ = {isa = PBXFileReference; lastKnownFileType = sourcecode.swift; path = "NSError+ColdZ.swift"; sourceTree = "<group>"; };
		FFCC50EB24186B0900106128 /* Feature.swift */ = {isa = PBXFileReference; lastKnownFileType = sourcecode.swift; path = Feature.swift; sourceTree = "<group>"; };
/* End PBXFileReference section */

/* Begin PBXFrameworksBuildPhase section */
		FF0CE0EB24185BF9002F3981 /* Frameworks */ = {
			isa = PBXFrameworksBuildPhase;
			buildActionMask = 2147483647;
			files = (
				467C223614C06DED0883B81C /* Pods_MaskStatistics.framework in Frameworks */,
			);
			runOnlyForDeploymentPostprocessing = 0;
		};
/* End PBXFrameworksBuildPhase section */

/* Begin PBXGroup section */
		686A25680EE3A55FED77D067 /* Pods */ = {
			isa = PBXGroup;
			children = (
				0E397F0CEBCE0D409C5F1EDE /* Pods-MaskStatistics.debug.xcconfig */,
				76AF5E2F25402DA3D4352A58 /* Pods-MaskStatistics.release.xcconfig */,
			);
			path = Pods;
			sourceTree = "<group>";
		};
		E64D1296F25740C324FF96BE /* Frameworks */ = {
			isa = PBXGroup;
			children = (
				9020D8F0C1105AA0919AF509 /* Pods_MaskStatistics.framework */,
			);
			name = Frameworks;
			sourceTree = "<group>";
		};
		FF0CE0E524185BF9002F3981 = {
			isa = PBXGroup;
			children = (
				FF0CE0F024185BF9002F3981 /* MaskStatistics */,
				FF0CE0EF24185BF9002F3981 /* Products */,
				686A25680EE3A55FED77D067 /* Pods */,
				E64D1296F25740C324FF96BE /* Frameworks */,
			);
			sourceTree = "<group>";
		};
		FF0CE0EF24185BF9002F3981 /* Products */ = {
			isa = PBXGroup;
			children = (
				FF0CE0EE24185BF9002F3981 /* MaskStatistics.app */,
			);
			name = Products;
			sourceTree = "<group>";
		};
		FF0CE0F024185BF9002F3981 /* MaskStatistics */ = {
			isa = PBXGroup;
			children = (
				FFCC50EA24186AF900106128 /* Model */,
				FFCC50E3241861AA00106128 /* Extension */,
				FFCC50DF24185F4000106128 /* Service */,
				FFCC50E024185F4800106128 /* Singleton */,
				FFA0A3712418897E00CB3FBE /* View */,
				FFCC50E824186AC600106128 /* ViewController */,
				FFCC50E924186ADD00106128 /* ViewModel */,
				FF0CE0F124185BF9002F3981 /* AppDelegate.swift */,
				FF0CE0F524185BF9002F3981 /* Main.storyboard */,
				FF0CE0F824185BFA002F3981 /* Assets.xcassets */,
				FF0CE0FA24185BFA002F3981 /* LaunchScreen.storyboard */,
				FF0CE0FD24185BFA002F3981 /* Info.plist */,
			);
			path = MaskStatistics;
			sourceTree = "<group>";
		};
		FFA0A3712418897E00CB3FBE /* View */ = {
			isa = PBXGroup;
			children = (
				FFA0A3722418899300CB3FBE /* TableViewCell.swift */,
			);
			path = View;
			sourceTree = "<group>";
		};
		FFCC50DF24185F4000106128 /* Service */ = {
			isa = PBXGroup;
			children = (
				FFCC50DD24185EEE00106128 /* APIService.swift */,
			);
			path = Service;
			sourceTree = "<group>";
		};
		FFCC50E024185F4800106128 /* Singleton */ = {
			isa = PBXGroup;
			children = (
				FFCC50E124185F7500106128 /* APIManager.swift */,
			);
			path = Singleton;
			sourceTree = "<group>";
		};
		FFCC50E3241861AA00106128 /* Extension */ = {
			isa = PBXGroup;
			children = (
				FFCC50E4241861C200106128 /* Alamofire+ColdZ.swift */,
				FFCC50E6241862F200106128 /* NSError+ColdZ.swift */,
			);
			path = Extension;
			sourceTree = "<group>";
		};
		FFCC50E824186AC600106128 /* ViewController */ = {
			isa = PBXGroup;
			children = (
				FFA0A36F2418841900CB3FBE /* TableViewController.swift */,
			);
			path = ViewController;
			sourceTree = "<group>";
		};
		FFCC50E924186ADD00106128 /* ViewModel */ = {
			isa = PBXGroup;
			children = (
				FFCC50DB24185E5300106128 /* ViewModel.swift */,
			);
			path = ViewModel;
			sourceTree = "<group>";
		};
		FFCC50EA24186AF900106128 /* Model */ = {
			isa = PBXGroup;
			children = (
				FFCC50EB24186B0900106128 /* Feature.swift */,
			);
			path = Model;
			sourceTree = "<group>";
		};
/* End PBXGroup section */

/* Begin PBXNativeTarget section */
		FF0CE0ED24185BF9002F3981 /* MaskStatistics */ = {
			isa = PBXNativeTarget;
			buildConfigurationList = FF0CE10024185BFA002F3981 /* Build configuration list for PBXNativeTarget "MaskStatistics" */;
			buildPhases = (
				F5C88CAA881DD5A36ACE1CDC /* [CP] Check Pods Manifest.lock */,
				FF0CE0EA24185BF9002F3981 /* Sources */,
				FF0CE0EB24185BF9002F3981 /* Frameworks */,
				FF0CE0EC24185BF9002F3981 /* Resources */,
				F5AD77E390654FEE97CBCEB5 /* [CP] Embed Pods Frameworks */,
			);
			buildRules = (
			);
			dependencies = (
			);
			name = MaskStatistics;
			productName = MaskStatistics;
			productReference = FF0CE0EE24185BF9002F3981 /* MaskStatistics.app */;
			productType = "com.apple.product-type.application";
		};
/* End PBXNativeTarget section */

/* Begin PBXProject section */
		FF0CE0E624185BF9002F3981 /* Project object */ = {
			isa = PBXProject;
			attributes = {
				LastSwiftUpdateCheck = 1030;
				LastUpgradeCheck = 1030;
				ORGANIZATIONNAME = ColdZ;
				TargetAttributes = {
					FF0CE0ED24185BF9002F3981 = {
						CreatedOnToolsVersion = 10.3;
					};
				};
			};
			buildConfigurationList = FF0CE0E924185BF9002F3981 /* Build configuration list for PBXProject "MaskStatistics" */;
			compatibilityVersion = "Xcode 9.3";
			developmentRegion = en;
			hasScannedForEncodings = 0;
			knownRegions = (
				en,
				Base,
			);
			mainGroup = FF0CE0E524185BF9002F3981;
			productRefGroup = FF0CE0EF24185BF9002F3981 /* Products */;
			projectDirPath = "";
			projectRoot = "";
			targets = (
				FF0CE0ED24185BF9002F3981 /* MaskStatistics */,
			);
		};
/* End PBXProject section */

/* Begin PBXResourcesBuildPhase section */
		FF0CE0EC24185BF9002F3981 /* Resources */ = {
			isa = PBXResourcesBuildPhase;
			buildActionMask = 2147483647;
			files = (
				FF0CE0FC24185BFA002F3981 /* LaunchScreen.storyboard in Resources */,
				FF0CE0F924185BFA002F3981 /* Assets.xcassets in Resources */,
				FF0CE0F724185BF9002F3981 /* Main.storyboard in Resources */,
			);
			runOnlyForDeploymentPostprocessing = 0;
		};
/* End PBXResourcesBuildPhase section */

/* Begin PBXShellScriptBuildPhase section */
		F5AD77E390654FEE97CBCEB5 /* [CP] Embed Pods Frameworks */ = {
			isa = PBXShellScriptBuildPhase;
			buildActionMask = 2147483647;
			files = (
			);
			inputFileListPaths = (
				"${PODS_ROOT}/Target Support Files/Pods-MaskStatistics/Pods-MaskStatistics-frameworks-${CONFIGURATION}-input-files.xcfilelist",
			);
			name = "[CP] Embed Pods Frameworks";
			outputFileListPaths = (
				"${PODS_ROOT}/Target Support Files/Pods-MaskStatistics/Pods-MaskStatistics-frameworks-${CONFIGURATION}-output-files.xcfilelist",
			);
			runOnlyForDeploymentPostprocessing = 0;
			shellPath = /bin/sh;
			shellScript = "\"${PODS_ROOT}/Target Support Files/Pods-MaskStatistics/Pods-MaskStatistics-frameworks.sh\"\n";
			showEnvVarsInLog = 0;
		};
		F5C88CAA881DD5A36ACE1CDC /* [CP] Check Pods Manifest.lock */ = {
			isa = PBXShellScriptBuildPhase;
			buildActionMask = 2147483647;
			files = (
			);
			inputFileListPaths = (
			);
			inputPaths = (
				"${PODS_PODFILE_DIR_PATH}/Podfile.lock",
				"${PODS_ROOT}/Manifest.lock",
			);
			name = "[CP] Check Pods Manifest.lock";
			outputFileListPaths = (
			);
			outputPaths = (
				"$(DERIVED_FILE_DIR)/Pods-MaskStatistics-checkManifestLockResult.txt",
			);
			runOnlyForDeploymentPostprocessing = 0;
			shellPath = /bin/sh;
			shellScript = "diff \"${PODS_PODFILE_DIR_PATH}/Podfile.lock\" \"${PODS_ROOT}/Manifest.lock\" > /dev/null\nif [ $? != 0 ] ; then\n    # print error to STDERR\n    echo \"error: The sandbox is not in sync with the Podfile.lock. Run 'pod install' or update your CocoaPods installation.\" >&2\n    exit 1\nfi\n# This output is used by Xcode 'outputs' to avoid re-running this script phase.\necho \"SUCCESS\" > \"${SCRIPT_OUTPUT_FILE_0}\"\n";
			showEnvVarsInLog = 0;
		};
/* End PBXShellScriptBuildPhase section */

/* Begin PBXSourcesBuildPhase section */
		FF0CE0EA24185BF9002F3981 /* Sources */ = {
			isa = PBXSourcesBuildPhase;
			buildActionMask = 2147483647;
			files = (
				FFCC50DC24185E5300106128 /* ViewModel.swift in Sources */,
				FFCC50E224185F7500106128 /* APIManager.swift in Sources */,
				FFCC50E7241862F200106128 /* NSError+ColdZ.swift in Sources */,
				FFA0A3732418899300CB3FBE /* TableViewCell.swift in Sources */,
				FFCC50EC24186B0900106128 /* Feature.swift in Sources */,
				FFCC50E5241861C200106128 /* Alamofire+ColdZ.swift in Sources */,
				FFCC50DE24185EEE00106128 /* APIService.swift in Sources */,
				FFA0A3702418841900CB3FBE /* TableViewController.swift in Sources */,
				FF0CE0F224185BF9002F3981 /* AppDelegate.swift in Sources */,
			);
			runOnlyForDeploymentPostprocessing = 0;
		};
/* End PBXSourcesBuildPhase section */

/* Begin PBXVariantGroup section */
		FF0CE0F524185BF9002F3981 /* Main.storyboard */ = {
			isa = PBXVariantGroup;
			children = (
				FF0CE0F624185BF9002F3981 /* Base */,
			);
			name = Main.storyboard;
			sourceTree = "<group>";
		};
		FF0CE0FA24185BFA002F3981 /* LaunchScreen.storyboard */ = {
			isa = PBXVariantGroup;
			children = (
				FF0CE0FB24185BFA002F3981 /* Base */,
			);
			name = LaunchScreen.storyboard;
			sourceTree = "<group>";
		};
/* End PBXVariantGroup section */

/* Begin XCBuildConfiguration section */
		FF0CE0FE24185BFA002F3981 /* Debug */ = {
			isa = XCBuildConfiguration;
			buildSettings = {
				ALWAYS_SEARCH_USER_PATHS = NO;
				CLANG_ANALYZER_NONNULL = YES;
				CLANG_ANALYZER_NUMBER_OBJECT_CONVERSION = YES_AGGRESSIVE;
				CLANG_CXX_LANGUAGE_STANDARD = "gnu++14";
				CLANG_CXX_LIBRARY = "libc++";
				CLANG_ENABLE_MODULES = YES;
				CLANG_ENABLE_OBJC_ARC = YES;
				CLANG_ENABLE_OBJC_WEAK = YES;
				CLANG_WARN_BLOCK_CAPTURE_AUTORELEASING = YES;
				CLANG_WARN_BOOL_CONVERSION = YES;
				CLANG_WARN_COMMA = YES;
				CLANG_WARN_CONSTANT_CONVERSION = YES;
				CLANG_WARN_DEPRECATED_OBJC_IMPLEMENTATIONS = YES;
				CLANG_WARN_DIRECT_OBJC_ISA_USAGE = YES_ERROR;
				CLANG_WARN_DOCUMENTATION_COMMENTS = YES;
				CLANG_WARN_EMPTY_BODY = YES;
				CLANG_WARN_ENUM_CONVERSION = YES;
				CLANG_WARN_INFINITE_RECURSION = YES;
				CLANG_WARN_INT_CONVERSION = YES;
				CLANG_WARN_NON_LITERAL_NULL_CONVERSION = YES;
				CLANG_WARN_OBJC_IMPLICIT_RETAIN_SELF = YES;
				CLANG_WARN_OBJC_LITERAL_CONVERSION = YES;
				CLANG_WARN_OBJC_ROOT_CLASS = YES_ERROR;
				CLANG_WARN_RANGE_LOOP_ANALYSIS = YES;
				CLANG_WARN_STRICT_PROTOTYPES = YES;
				CLANG_WARN_SUSPICIOUS_MOVE = YES;
				CLANG_WARN_UNGUARDED_AVAILABILITY = YES_AGGRESSIVE;
				CLANG_WARN_UNREACHABLE_CODE = YES;
				CLANG_WARN__DUPLICATE_METHOD_MATCH = YES;
				CODE_SIGN_IDENTITY = "iPhone Developer";
				COPY_PHASE_STRIP = NO;
				DEBUG_INFORMATION_FORMAT = dwarf;
				ENABLE_STRICT_OBJC_MSGSEND = YES;
				ENABLE_TESTABILITY = YES;
				GCC_C_LANGUAGE_STANDARD = gnu11;
				GCC_DYNAMIC_NO_PIC = NO;
				GCC_NO_COMMON_BLOCKS = YES;
				GCC_OPTIMIZATION_LEVEL = 0;
				GCC_PREPROCESSOR_DEFINITIONS = (
					"DEBUG=1",
					"$(inherited)",
				);
				GCC_WARN_64_TO_32_BIT_CONVERSION = YES;
				GCC_WARN_ABOUT_RETURN_TYPE = YES_ERROR;
				GCC_WARN_UNDECLARED_SELECTOR = YES;
				GCC_WARN_UNINITIALIZED_AUTOS = YES_AGGRESSIVE;
				GCC_WARN_UNUSED_FUNCTION = YES;
				GCC_WARN_UNUSED_VARIABLE = YES;
				IPHONEOS_DEPLOYMENT_TARGET = 12.4;
				MTL_ENABLE_DEBUG_INFO = INCLUDE_SOURCE;
				MTL_FAST_MATH = YES;
				ONLY_ACTIVE_ARCH = YES;
				SDKROOT = iphoneos;
				SWIFT_ACTIVE_COMPILATION_CONDITIONS = DEBUG;
				SWIFT_OPTIMIZATION_LEVEL = "-Onone";
			};
			name = Debug;
		};
		FF0CE0FF24185BFA002F3981 /* Release */ = {
			isa = XCBuildConfiguration;
			buildSettings = {
				ALWAYS_SEARCH_USER_PATHS = NO;
				CLANG_ANALYZER_NONNULL = YES;
				CLANG_ANALYZER_NUMBER_OBJECT_CONVERSION = YES_AGGRESSIVE;
				CLANG_CXX_LANGUAGE_STANDARD = "gnu++14";
				CLANG_CXX_LIBRARY = "libc++";
				CLANG_ENABLE_MODULES = YES;
				CLANG_ENABLE_OBJC_ARC = YES;
				CLANG_ENABLE_OBJC_WEAK = YES;
				CLANG_WARN_BLOCK_CAPTURE_AUTORELEASING = YES;
				CLANG_WARN_BOOL_CONVERSION = YES;
				CLANG_WARN_COMMA = YES;
				CLANG_WARN_CONSTANT_CONVERSION = YES;
				CLANG_WARN_DEPRECATED_OBJC_IMPLEMENTATIONS = YES;
				CLANG_WARN_DIRECT_OBJC_ISA_USAGE = YES_ERROR;
				CLANG_WARN_DOCUMENTATION_COMMENTS = YES;
				CLANG_WARN_EMPTY_BODY = YES;
				CLANG_WARN_ENUM_CONVERSION = YES;
				CLANG_WARN_INFINITE_RECURSION = YES;
				CLANG_WARN_INT_CONVERSION = YES;
				CLANG_WARN_NON_LITERAL_NULL_CONVERSION = YES;
				CLANG_WARN_OBJC_IMPLICIT_RETAIN_SELF = YES;
				CLANG_WARN_OBJC_LITERAL_CONVERSION = YES;
				CLANG_WARN_OBJC_ROOT_CLASS = YES_ERROR;
				CLANG_WARN_RANGE_LOOP_ANALYSIS = YES;
				CLANG_WARN_STRICT_PROTOTYPES = YES;
				CLANG_WARN_SUSPICIOUS_MOVE = YES;
				CLANG_WARN_UNGUARDED_AVAILABILITY = YES_AGGRESSIVE;
				CLANG_WARN_UNREACHABLE_CODE = YES;
				CLANG_WARN__DUPLICATE_METHOD_MATCH = YES;
				CODE_SIGN_IDENTITY = "iPhone Developer";
				COPY_PHASE_STRIP = NO;
				DEBUG_INFORMATION_FORMAT = "dwarf-with-dsym";
				ENABLE_NS_ASSERTIONS = NO;
				ENABLE_STRICT_OBJC_MSGSEND = YES;
				GCC_C_LANGUAGE_STANDARD = gnu11;
				GCC_NO_COMMON_BLOCKS = YES;
				GCC_WARN_64_TO_32_BIT_CONVERSION = YES;
				GCC_WARN_ABOUT_RETURN_TYPE = YES_ERROR;
				GCC_WARN_UNDECLARED_SELECTOR = YES;
				GCC_WARN_UNINITIALIZED_AUTOS = YES_AGGRESSIVE;
				GCC_WARN_UNUSED_FUNCTION = YES;
				GCC_WARN_UNUSED_VARIABLE = YES;
				IPHONEOS_DEPLOYMENT_TARGET = 12.4;
				MTL_ENABLE_DEBUG_INFO = NO;
				MTL_FAST_MATH = YES;
				SDKROOT = iphoneos;
				SWIFT_COMPILATION_MODE = wholemodule;
				SWIFT_OPTIMIZATION_LEVEL = "-O";
				VALIDATE_PRODUCT = YES;
			};
			name = Release;
		};
		FF0CE10124185BFA002F3981 /* Debug */ = {
			isa = XCBuildConfiguration;
			baseConfigurationReference = 0E397F0CEBCE0D409C5F1EDE /* Pods-MaskStatistics.debug.xcconfig */;
			buildSettings = {
				ASSETCATALOG_COMPILER_APPICON_NAME = AppIcon;
				CODE_SIGN_STYLE = Automatic;
				DEVELOPMENT_TEAM = 873C3LVKPJ;
				INFOPLIST_FILE = MaskStatistics/Info.plist;
				LD_RUNPATH_SEARCH_PATHS = (
					"$(inherited)",
					"@executable_path/Frameworks",
				);
				PRODUCT_BUNDLE_IDENTIFIER = com.ColdZ.MaskStatistics;
				PRODUCT_NAME = "$(TARGET_NAME)";
				SWIFT_VERSION = 5.0;
				TARGETED_DEVICE_FAMILY = "1,2";
			};
			name = Debug;
		};
		FF0CE10224185BFA002F3981 /* Release */ = {
			isa = XCBuildConfiguration;
			baseConfigurationReference = 76AF5E2F25402DA3D4352A58 /* Pods-MaskStatistics.release.xcconfig */;
			buildSettings = {
				ASSETCATALOG_COMPILER_APPICON_NAME = AppIcon;
				CODE_SIGN_STYLE = Automatic;
				DEVELOPMENT_TEAM = 873C3LVKPJ;
				INFOPLIST_FILE = MaskStatistics/Info.plist;
				LD_RUNPATH_SEARCH_PATHS = (
					"$(inherited)",
					"@executable_path/Frameworks",
				);
				PRODUCT_BUNDLE_IDENTIFIER = com.ColdZ.MaskStatistics;
				PRODUCT_NAME = "$(TARGET_NAME)";
				SWIFT_VERSION = 5.0;
				TARGETED_DEVICE_FAMILY = "1,2";
			};
			name = Release;
		};
/* End XCBuildConfiguration section */

/* Begin XCConfigurationList section */
		FF0CE0E924185BF9002F3981 /* Build configuration list for PBXProject "MaskStatistics" */ = {
			isa = XCConfigurationList;
			buildConfigurations = (
				FF0CE0FE24185BFA002F3981 /* Debug */,
				FF0CE0FF24185BFA002F3981 /* Release */,
			);
			defaultConfigurationIsVisible = 0;
			defaultConfigurationName = Release;
		};
		FF0CE10024185BFA002F3981 /* Build configuration list for PBXNativeTarget "MaskStatistics" */ = {
			isa = XCConfigurationList;
			buildConfigurations = (
				FF0CE10124185BFA002F3981 /* Debug */,
				FF0CE10224185BFA002F3981 /* Release */,
			);
			defaultConfigurationIsVisible = 0;
			defaultConfigurationName = Release;
		};
/* End XCConfigurationList section */
	};
	rootObject = FF0CE0E624185BF9002F3981 /* Project object */;
}
